// !$*UTF8*$!
{
	archiveVersion = 1;
	classes = {
	};
	objectVersion = 50;
	objects = {

/* Begin PBXBuildFile section */
		C9C3B0EF22180FA300735C4A /* AppDelegate.swift in Sources */ = {isa = PBXBuildFile; fileRef = C9C3B0EE22180FA300735C4A /* AppDelegate.swift */; };
		C9C3B0F322180FA400735C4A /* Assets.xcassets in Resources */ = {isa = PBXBuildFile; fileRef = C9C3B0F222180FA400735C4A /* Assets.xcassets */; };
		C9C3B0F622180FA400735C4A /* LaunchScreen.storyboard in Resources */ = {isa = PBXBuildFile; fileRef = C9C3B0F422180FA400735C4A /* LaunchScreen.storyboard */; };
		C9C3B0FE2218100B00735C4A /* Extensions.swift in Sources */ = {isa = PBXBuildFile; fileRef = C9C3B0FD2218100B00735C4A /* Extensions.swift */; };
		C9C3B1072218102F00735C4A /* TimeIntervalViewController.swift in Sources */ = {isa = PBXBuildFile; fileRef = C9C3B1002218102F00735C4A /* TimeIntervalViewController.swift */; };
		C9C3B1082218102F00735C4A /* DoubleViewController.swift in Sources */ = {isa = PBXBuildFile; fileRef = C9C3B1012218102F00735C4A /* DoubleViewController.swift */; };
		C9C3B1092218102F00735C4A /* StringViewController.swift in Sources */ = {isa = PBXBuildFile; fileRef = C9C3B1022218102F00735C4A /* StringViewController.swift */; };
		C9C3B10A2218102F00735C4A /* ViewViewController.swift in Sources */ = {isa = PBXBuildFile; fileRef = C9C3B1032218102F00735C4A /* ViewViewController.swift */; };
		C9C3B10B2218102F00735C4A /* DictionaryViewController.swift in Sources */ = {isa = PBXBuildFile; fileRef = C9C3B1042218102F00735C4A /* DictionaryViewController.swift */; };
		C9C3B10C2218102F00735C4A /* DateViewController.swift in Sources */ = {isa = PBXBuildFile; fileRef = C9C3B1052218102F00735C4A /* DateViewController.swift */; };
		C9C3B10D2218102F00735C4A /* NoneViewController.swift in Sources */ = {isa = PBXBuildFile; fileRef = C9C3B1062218102F00735C4A /* NoneViewController.swift */; };
		CF91956E2C92A9B57395D023 /* Pods_ExtensionsFun.framework in Frameworks */ = {isa = PBXBuildFile; fileRef = B3548D97AB17D030D20AE53B /* Pods_ExtensionsFun.framework */; };
/* End PBXBuildFile section */

/* Begin PBXFileReference section */
		10E5E955FE0D3F9B05BA3AE0 /* Pods-ExtensionsFun.release.xcconfig */ = {isa = PBXFileReference; includeInIndex = 1; lastKnownFileType = text.xcconfig; name = "Pods-ExtensionsFun.release.xcconfig"; path = "Target Support Files/Pods-ExtensionsFun/Pods-ExtensionsFun.release.xcconfig"; sourceTree = "<group>"; };
		991BFE6AA615710F8B93DF25 /* Pods-ExtensionsFun.debug.xcconfig */ = {isa = PBXFileReference; includeInIndex = 1; lastKnownFileType = text.xcconfig; name = "Pods-ExtensionsFun.debug.xcconfig"; path = "Target Support Files/Pods-ExtensionsFun/Pods-ExtensionsFun.debug.xcconfig"; sourceTree = "<group>"; };
		B3548D97AB17D030D20AE53B /* Pods_ExtensionsFun.framework */ = {isa = PBXFileReference; explicitFileType = wrapper.framework; includeInIndex = 0; path = Pods_ExtensionsFun.framework; sourceTree = BUILT_PRODUCTS_DIR; };
		C9C3B0EB22180FA300735C4A /* ExtensionsFun.app */ = {isa = PBXFileReference; explicitFileType = wrapper.application; includeInIndex = 0; path = ExtensionsFun.app; sourceTree = BUILT_PRODUCTS_DIR; };
		C9C3B0EE22180FA300735C4A /* AppDelegate.swift */ = {isa = PBXFileReference; lastKnownFileType = sourcecode.swift; path = AppDelegate.swift; sourceTree = "<group>"; };
		C9C3B0F222180FA400735C4A /* Assets.xcassets */ = {isa = PBXFileReference; lastKnownFileType = folder.assetcatalog; path = Assets.xcassets; sourceTree = "<group>"; };
		C9C3B0F522180FA400735C4A /* Base */ = {isa = PBXFileReference; lastKnownFileType = file.storyboard; name = Base; path = Base.lproj/LaunchScreen.storyboard; sourceTree = "<group>"; };
		C9C3B0F722180FA400735C4A /* Info.plist */ = {isa = PBXFileReference; lastKnownFileType = text.plist.xml; path = Info.plist; sourceTree = "<group>"; };
		C9C3B0FD2218100B00735C4A /* Extensions.swift */ = {isa = PBXFileReference; fileEncoding = 4; lastKnownFileType = sourcecode.swift; path = Extensions.swift; sourceTree = "<group>"; };
		C9C3B1002218102F00735C4A /* TimeIntervalViewController.swift */ = {isa = PBXFileReference; fileEncoding = 4; lastKnownFileType = sourcecode.swift; path = TimeIntervalViewController.swift; sourceTree = "<group>"; };
		C9C3B1012218102F00735C4A /* DoubleViewController.swift */ = {isa = PBXFileReference; fileEncoding = 4; lastKnownFileType = sourcecode.swift; path = DoubleViewController.swift; sourceTree = "<group>"; };
		C9C3B1022218102F00735C4A /* StringViewController.swift */ = {isa = PBXFileReference; fileEncoding = 4; lastKnownFileType = sourcecode.swift; path = StringViewController.swift; sourceTree = "<group>"; };
		C9C3B1032218102F00735C4A /* ViewViewController.swift */ = {isa = PBXFileReference; fileEncoding = 4; lastKnownFileType = sourcecode.swift; path = ViewViewController.swift; sourceTree = "<group>"; };
		C9C3B1042218102F00735C4A /* DictionaryViewController.swift */ = {isa = PBXFileReference; fileEncoding = 4; lastKnownFileType = sourcecode.swift; path = DictionaryViewController.swift; sourceTree = "<group>"; };
		C9C3B1052218102F00735C4A /* DateViewController.swift */ = {isa = PBXFileReference; fileEncoding = 4; lastKnownFileType = sourcecode.swift; path = DateViewController.swift; sourceTree = "<group>"; };
		C9C3B1062218102F00735C4A /* NoneViewController.swift */ = {isa = PBXFileReference; fileEncoding = 4; lastKnownFileType = sourcecode.swift; path = NoneViewController.swift; sourceTree = "<group>"; };
/* End PBXFileReference section */

/* Begin PBXFrameworksBuildPhase section */
		C9C3B0E822180FA300735C4A /* Frameworks */ = {
			isa = PBXFrameworksBuildPhase;
			buildActionMask = 2147483647;
			files = (
				CF91956E2C92A9B57395D023 /* Pods_ExtensionsFun.framework in Frameworks */,
			);
			runOnlyForDeploymentPostprocessing = 0;
		};
/* End PBXFrameworksBuildPhase section */

/* Begin PBXGroup section */
		6DF5BB6C765710A8E0A4654E /* Frameworks */ = {
			isa = PBXGroup;
			children = (
				B3548D97AB17D030D20AE53B /* Pods_ExtensionsFun.framework */,
			);
			name = Frameworks;
			sourceTree = "<group>";
		};
		8302AB78C35D6BB59354EFE6 /* Pods */ = {
			isa = PBXGroup;
			children = (
				991BFE6AA615710F8B93DF25 /* Pods-ExtensionsFun.debug.xcconfig */,
				10E5E955FE0D3F9B05BA3AE0 /* Pods-ExtensionsFun.release.xcconfig */,
			);
			name = Pods;
			path = Pods;
			sourceTree = "<group>";
		};
		C9C3B0E222180FA300735C4A = {
			isa = PBXGroup;
			children = (
				C9C3B0ED22180FA300735C4A /* ExtensionsFun */,
				C9C3B0EC22180FA300735C4A /* Products */,
				8302AB78C35D6BB59354EFE6 /* Pods */,
				6DF5BB6C765710A8E0A4654E /* Frameworks */,
			);
			sourceTree = "<group>";
		};
		C9C3B0EC22180FA300735C4A /* Products */ = {
			isa = PBXGroup;
			children = (
				C9C3B0EB22180FA300735C4A /* ExtensionsFun.app */,
			);
			name = Products;
			sourceTree = "<group>";
		};
		C9C3B0ED22180FA300735C4A /* ExtensionsFun */ = {
			isa = PBXGroup;
			children = (
				C9C3B0EE22180FA300735C4A /* AppDelegate.swift */,
				C9C3B0FD2218100B00735C4A /* Extensions.swift */,
				C9C3B0FF2218101400735C4A /* ViewControllers */,
				C9C3B0F222180FA400735C4A /* Assets.xcassets */,
				C9C3B0F422180FA400735C4A /* LaunchScreen.storyboard */,
				C9C3B0F722180FA400735C4A /* Info.plist */,
			);
			path = ExtensionsFun;
			sourceTree = "<group>";
		};
		C9C3B0FF2218101400735C4A /* ViewControllers */ = {
			isa = PBXGroup;
			children = (
				C9C3B1052218102F00735C4A /* DateViewController.swift */,
				C9C3B1042218102F00735C4A /* DictionaryViewController.swift */,
				C9C3B1012218102F00735C4A /* DoubleViewController.swift */,
				C9C3B1062218102F00735C4A /* NoneViewController.swift */,
				C9C3B1022218102F00735C4A /* StringViewController.swift */,
				C9C3B1002218102F00735C4A /* TimeIntervalViewController.swift */,
				C9C3B1032218102F00735C4A /* ViewViewController.swift */,
			);
			path = ViewControllers;
			sourceTree = "<group>";
		};
/* End PBXGroup section */

/* Begin PBXNativeTarget section */
		C9C3B0EA22180FA300735C4A /* ExtensionsFun */ = {
			isa = PBXNativeTarget;
			buildConfigurationList = C9C3B0FA22180FA400735C4A /* Build configuration list for PBXNativeTarget "ExtensionsFun" */;
			buildPhases = (
				43EBF2ADD87D00CF6E218F4F /* [CP] Check Pods Manifest.lock */,
				C9C3B0E722180FA300735C4A /* Sources */,
				C9C3B0E822180FA300735C4A /* Frameworks */,
				C9C3B0E922180FA300735C4A /* Resources */,
				4B564B85D377090C7AC6840B /* [CP] Embed Pods Frameworks */,
			);
			buildRules = (
			);
			dependencies = (
			);
			name = ExtensionsFun;
			productName = ExtensionsFun;
			productReference = C9C3B0EB22180FA300735C4A /* ExtensionsFun.app */;
			productType = "com.apple.product-type.application";
		};
/* End PBXNativeTarget section */

/* Begin PBXProject section */
		C9C3B0E322180FA300735C4A /* Project object */ = {
			isa = PBXProject;
			attributes = {
				LastSwiftUpdateCheck = 1010;
				LastUpgradeCheck = 1010;
				ORGANIZATIONNAME = "Alex Nagy";
				TargetAttributes = {
					C9C3B0EA22180FA300735C4A = {
						CreatedOnToolsVersion = 10.1;
					};
				};
			};
			buildConfigurationList = C9C3B0E622180FA300735C4A /* Build configuration list for PBXProject "ExtensionsFun" */;
			compatibilityVersion = "Xcode 9.3";
			developmentRegion = en;
			hasScannedForEncodings = 0;
			knownRegions = (
				en,
				Base,
			);
			mainGroup = C9C3B0E222180FA300735C4A;
			productRefGroup = C9C3B0EC22180FA300735C4A /* Products */;
			projectDirPath = "";
			projectRoot = "";
			targets = (
				C9C3B0EA22180FA300735C4A /* ExtensionsFun */,
			);
		};
/* End PBXProject section */

/* Begin PBXResourcesBuildPhase section */
		C9C3B0E922180FA300735C4A /* Resources */ = {
			isa = PBXResourcesBuildPhase;
			buildActionMask = 2147483647;
			files = (
				C9C3B0F322180FA400735C4A /* Assets.xcassets in Resources */,
				C9C3B0F622180FA400735C4A /* LaunchScreen.storyboard in Resources */,
			);
			runOnlyForDeploymentPostprocessing = 0;
		};
/* End PBXResourcesBuildPhase section */

/* Begin PBXShellScriptBuildPhase section */
		43EBF2ADD87D00CF6E218F4F /* [CP] Check Pods Manifest.lock */ = {
			isa = PBXShellScriptBuildPhase;
			buildActionMask = 2147483647;
			files = (
			);
			inputFileListPaths = (
			);
			inputPaths = (
				"${PODS_PODFILE_DIR_PATH}/Podfile.lock",
				"${PODS_ROOT}/Manifest.lock",
			);
			name = "[CP] Check Pods Manifest.lock";
			outputFileListPaths = (
			);
			outputPaths = (
				"$(DERIVED_FILE_DIR)/Pods-ExtensionsFun-checkManifestLockResult.txt",
			);
			runOnlyForDeploymentPostprocessing = 0;
			shellPath = /bin/sh;
			shellScript = "diff \"${PODS_PODFILE_DIR_PATH}/Podfile.lock\" \"${PODS_ROOT}/Manifest.lock\" > /dev/null\nif [ $? != 0 ] ; then\n    # print error to STDERR\n    echo \"error: The sandbox is not in sync with the Podfile.lock. Run 'pod install' or update your CocoaPods installation.\" >&2\n    exit 1\nfi\n# This output is used by Xcode 'outputs' to avoid re-running this script phase.\necho \"SUCCESS\" > \"${SCRIPT_OUTPUT_FILE_0}\"\n";
			showEnvVarsInLog = 0;
		};
		4B564B85D377090C7AC6840B /* [CP] Embed Pods Frameworks */ = {
			isa = PBXShellScriptBuildPhase;
			buildActionMask = 2147483647;
			files = (
			);
			inputFileListPaths = (
			);
			inputPaths = (
				"${PODS_ROOT}/Target Support Files/Pods-ExtensionsFun/Pods-ExtensionsFun-frameworks.sh",
				"${BUILT_PRODUCTS_DIR}/TinyConstraints/TinyConstraints.framework",
			);
			name = "[CP] Embed Pods Frameworks";
			outputFileListPaths = (
			);
			outputPaths = (
				"${TARGET_BUILD_DIR}/${FRAMEWORKS_FOLDER_PATH}/TinyConstraints.framework",
			);
			runOnlyForDeploymentPostprocessing = 0;
			shellPath = /bin/sh;
			shellScript = "\"${PODS_ROOT}/Target Support Files/Pods-ExtensionsFun/Pods-ExtensionsFun-frameworks.sh\"\n";
			showEnvVarsInLog = 0;
		};
/* End PBXShellScriptBuildPhase section */

/* Begin PBXSourcesBuildPhase section */
		C9C3B0E722180FA300735C4A /* Sources */ = {
			isa = PBXSourcesBuildPhase;
			buildActionMask = 2147483647;
			files = (
				C9C3B10C2218102F00735C4A /* DateViewController.swift in Sources */,
				C9C3B1072218102F00735C4A /* TimeIntervalViewController.swift in Sources */,
				C9C3B0EF22180FA300735C4A /* AppDelegate.swift in Sources */,
				C9C3B0FE2218100B00735C4A /* Extensions.swift in Sources */,
				C9C3B10A2218102F00735C4A /* ViewViewController.swift in Sources */,
				C9C3B1092218102F00735C4A /* StringViewController.swift in Sources */,
				C9C3B10B2218102F00735C4A /* DictionaryViewController.swift in Sources */,
				C9C3B1082218102F00735C4A /* DoubleViewController.swift in Sources */,
				C9C3B10D2218102F00735C4A /* NoneViewController.swift in Sources */,
			);
			runOnlyForDeploymentPostprocessing = 0;
		};
/* End PBXSourcesBuildPhase section */

/* Begin PBXVariantGroup section */
		C9C3B0F422180FA400735C4A /* LaunchScreen.storyboard */ = {
			isa = PBXVariantGroup;
			children = (
				C9C3B0F522180FA400735C4A /* Base */,
			);
			name = LaunchScreen.storyboard;
			sourceTree = "<group>";
		};
/* End PBXVariantGroup section */

/* Begin XCBuildConfiguration section */
		C9C3B0F822180FA400735C4A /* Debug */ = {
			isa = XCBuildConfiguration;
			buildSettings = {
				ALWAYS_SEARCH_USER_PATHS = NO;
				CLANG_ANALYZER_NONNULL = YES;
				CLANG_ANALYZER_NUMBER_OBJECT_CONVERSION = YES_AGGRESSIVE;
				CLANG_CXX_LANGUAGE_STANDARD = "gnu++14";
				CLANG_CXX_LIBRARY = "libc++";
				CLANG_ENABLE_MODULES = YES;
				CLANG_ENABLE_OBJC_ARC = YES;
				CLANG_ENABLE_OBJC_WEAK = YES;
				CLANG_WARN_BLOCK_CAPTURE_AUTORELEASING = YES;
				CLANG_WARN_BOOL_CONVERSION = YES;
				CLANG_WARN_COMMA = YES;
				CLANG_WARN_CONSTANT_CONVERSION = YES;
				CLANG_WARN_DEPRECATED_OBJC_IMPLEMENTATIONS = YES;
				CLANG_WARN_DIRECT_OBJC_ISA_USAGE = YES_ERROR;
				CLANG_WARN_DOCUMENTATION_COMMENTS = YES;
				CLANG_WARN_EMPTY_BODY = YES;
				CLANG_WARN_ENUM_CONVERSION = YES;
				CLANG_WARN_INFINITE_RECURSION = YES;
				CLANG_WARN_INT_CONVERSION = YES;
				CLANG_WARN_NON_LITERAL_NULL_CONVERSION = YES;
				CLANG_WARN_OBJC_IMPLICIT_RETAIN_SELF = YES;
				CLANG_WARN_OBJC_LITERAL_CONVERSION = YES;
				CLANG_WARN_OBJC_ROOT_CLASS = YES_ERROR;
				CLANG_WARN_RANGE_LOOP_ANALYSIS = YES;
				CLANG_WARN_STRICT_PROTOTYPES = YES;
				CLANG_WARN_SUSPICIOUS_MOVE = YES;
				CLANG_WARN_UNGUARDED_AVAILABILITY = YES_AGGRESSIVE;
				CLANG_WARN_UNREACHABLE_CODE = YES;
				CLANG_WARN__DUPLICATE_METHOD_MATCH = YES;
				CODE_SIGN_IDENTITY = "iPhone Developer";
				COPY_PHASE_STRIP = NO;
				DEBUG_INFORMATION_FORMAT = dwarf;
				ENABLE_STRICT_OBJC_MSGSEND = YES;
				ENABLE_TESTABILITY = YES;
				GCC_C_LANGUAGE_STANDARD = gnu11;
				GCC_DYNAMIC_NO_PIC = NO;
				GCC_NO_COMMON_BLOCKS = YES;
				GCC_OPTIMIZATION_LEVEL = 0;
				GCC_PREPROCESSOR_DEFINITIONS = (
					"DEBUG=1",
					"$(inherited)",
				);
				GCC_WARN_64_TO_32_BIT_CONVERSION = YES;
				GCC_WARN_ABOUT_RETURN_TYPE = YES_ERROR;
				GCC_WARN_UNDECLARED_SELECTOR = YES;
				GCC_WARN_UNINITIALIZED_AUTOS = YES_AGGRESSIVE;
				GCC_WARN_UNUSED_FUNCTION = YES;
				GCC_WARN_UNUSED_VARIABLE = YES;
				IPHONEOS_DEPLOYMENT_TARGET = 12.1;
				MTL_ENABLE_DEBUG_INFO = INCLUDE_SOURCE;
				MTL_FAST_MATH = YES;
				ONLY_ACTIVE_ARCH = YES;
				SDKROOT = iphoneos;
				SWIFT_ACTIVE_COMPILATION_CONDITIONS = DEBUG;
				SWIFT_OPTIMIZATION_LEVEL = "-Onone";
			};
			name = Debug;
		};
		C9C3B0F922180FA400735C4A /* Release */ = {
			isa = XCBuildConfiguration;
			buildSettings = {
				ALWAYS_SEARCH_USER_PATHS = NO;
				CLANG_ANALYZER_NONNULL = YES;
				CLANG_ANALYZER_NUMBER_OBJECT_CONVERSION = YES_AGGRESSIVE;
				CLANG_CXX_LANGUAGE_STANDARD = "gnu++14";
				CLANG_CXX_LIBRARY = "libc++";
				CLANG_ENABLE_MODULES = YES;
				CLANG_ENABLE_OBJC_ARC = YES;
				CLANG_ENABLE_OBJC_WEAK = YES;
				CLANG_WARN_BLOCK_CAPTURE_AUTORELEASING = YES;
				CLANG_WARN_BOOL_CONVERSION = YES;
				CLANG_WARN_COMMA = YES;
				CLANG_WARN_CONSTANT_CONVERSION = YES;
				CLANG_WARN_DEPRECATED_OBJC_IMPLEMENTATIONS = YES;
				CLANG_WARN_DIRECT_OBJC_ISA_USAGE = YES_ERROR;
				CLANG_WARN_DOCUMENTATION_COMMENTS = YES;
				CLANG_WARN_EMPTY_BODY = YES;
				CLANG_WARN_ENUM_CONVERSION = YES;
				CLANG_WARN_INFINITE_RECURSION = YES;
				CLANG_WARN_INT_CONVERSION = YES;
				CLANG_WARN_NON_LITERAL_NULL_CONVERSION = YES;
				CLANG_WARN_OBJC_IMPLICIT_RETAIN_SELF = YES;
				CLANG_WARN_OBJC_LITERAL_CONVERSION = YES;
				CLANG_WARN_OBJC_ROOT_CLASS = YES_ERROR;
				CLANG_WARN_RANGE_LOOP_ANALYSIS = YES;
				CLANG_WARN_STRICT_PROTOTYPES = YES;
				CLANG_WARN_SUSPICIOUS_MOVE = YES;
				CLANG_WARN_UNGUARDED_AVAILABILITY = YES_AGGRESSIVE;
				CLANG_WARN_UNREACHABLE_CODE = YES;
				CLANG_WARN__DUPLICATE_METHOD_MATCH = YES;
				CODE_SIGN_IDENTITY = "iPhone Developer";
				COPY_PHASE_STRIP = NO;
				DEBUG_INFORMATION_FORMAT = "dwarf-with-dsym";
				ENABLE_NS_ASSERTIONS = NO;
				ENABLE_STRICT_OBJC_MSGSEND = YES;
				GCC_C_LANGUAGE_STANDARD = gnu11;
				GCC_NO_COMMON_BLOCKS = YES;
				GCC_WARN_64_TO_32_BIT_CONVERSION = YES;
				GCC_WARN_ABOUT_RETURN_TYPE = YES_ERROR;
				GCC_WARN_UNDECLARED_SELECTOR = YES;
				GCC_WARN_UNINITIALIZED_AUTOS = YES_AGGRESSIVE;
				GCC_WARN_UNUSED_FUNCTION = YES;
				GCC_WARN_UNUSED_VARIABLE = YES;
				IPHONEOS_DEPLOYMENT_TARGET = 12.1;
				MTL_ENABLE_DEBUG_INFO = NO;
				MTL_FAST_MATH = YES;
				SDKROOT = iphoneos;
				SWIFT_COMPILATION_MODE = wholemodule;
				SWIFT_OPTIMIZATION_LEVEL = "-O";
				VALIDATE_PRODUCT = YES;
			};
			name = Release;
		};
		C9C3B0FB22180FA400735C4A /* Debug */ = {
			isa = XCBuildConfiguration;
			baseConfigurationReference = 991BFE6AA615710F8B93DF25 /* Pods-ExtensionsFun.debug.xcconfig */;
			buildSettings = {
				ASSETCATALOG_COMPILER_APPICON_NAME = AppIcon;
				CODE_SIGN_STYLE = Automatic;
				DEVELOPMENT_TEAM = R252PR8AVU;
				INFOPLIST_FILE = ExtensionsFun/Info.plist;
				LD_RUNPATH_SEARCH_PATHS = (
					"$(inherited)",
					"@executable_path/Frameworks",
				);
				PRODUCT_BUNDLE_IDENTIFIER = com.Rebeloper.ExtensionsFun;
				PRODUCT_NAME = "$(TARGET_NAME)";
				SWIFT_VERSION = 4.2;
				TARGETED_DEVICE_FAMILY = "1,2";
			};
			name = Debug;
		};
		C9C3B0FC22180FA400735C4A /* Release */ = {
			isa = XCBuildConfiguration;
			baseConfigurationReference = 10E5E955FE0D3F9B05BA3AE0 /* Pods-ExtensionsFun.release.xcconfig */;
			buildSettings = {
				ASSETCATALOG_COMPILER_APPICON_NAME = AppIcon;
				CODE_SIGN_STYLE = Automatic;
				DEVELOPMENT_TEAM = R252PR8AVU;
				INFOPLIST_FILE = ExtensionsFun/Info.plist;
				LD_RUNPATH_SEARCH_PATHS = (
					"$(inherited)",
					"@executable_path/Frameworks",
				);
				PRODUCT_BUNDLE_IDENTIFIER = com.Rebeloper.ExtensionsFun;
				PRODUCT_NAME = "$(TARGET_NAME)";
				SWIFT_VERSION = 4.2;
				TARGETED_DEVICE_FAMILY = "1,2";
			};
			name = Release;
		};
/* End XCBuildConfiguration section */

/* Begin XCConfigurationList section */
		C9C3B0E622180FA300735C4A /* Build configuration list for PBXProject "ExtensionsFun" */ = {
			isa = XCConfigurationList;
			buildConfigurations = (
				C9C3B0F822180FA400735C4A /* Debug */,
				C9C3B0F922180FA400735C4A /* Release */,
			);
			defaultConfigurationIsVisible = 0;
			defaultConfigurationName = Release;
		};
		C9C3B0FA22180FA400735C4A /* Build configuration list for PBXNativeTarget "ExtensionsFun" */ = {
			isa = XCConfigurationList;
			buildConfigurations = (
				C9C3B0FB22180FA400735C4A /* Debug */,
				C9C3B0FC22180FA400735C4A /* Release */,
			);
			defaultConfigurationIsVisible = 0;
			defaultConfigurationName = Release;
		};
/* End XCConfigurationList section */
	};
	rootObject = C9C3B0E322180FA300735C4A /* Project object */;
}
